
Microsoft Visual Studio Solution File, Format Version 12.00
# Visual Studio Version 17
VisualStudioVersion = 17.3.32804.467
MinimumVisualStudioVersion = 10.0.40219.1
Project("{FAE04EC0-301F-11D3-BF4B-00C04F79EFBC}") = "SpecFlowProject1", "SpecFlowProject1\SpecFlowProject1.csproj", "{97E42402-1102-474A-8B32-5ECFFA873C6F}"
EndProject
Global
	GlobalSection(SolutionConfigurationPlatforms) = preSolution
		Debug|Any CPU = Debug|Any CPU
		Release|Any CPU = Release|Any CPU
	EndGlobalSection
	GlobalSection(ProjectConfigurationPlatforms) = postSolution
		{97E42402-1102-474A-8B32-5ECFFA873C6F}.Debug|Any CPU.ActiveCfg = Debug|Any CPU
		{97E42402-1102-474A-8B32-5ECFFA873C6F}.Debug|Any CPU.Build.0 = Debug|Any CPU
		{97E42402-1102-474A-8B32-5ECFFA873C6F}.Release|Any CPU.ActiveCfg = Release|Any CPU
		{97E42402-1102-474A-8B32-5ECFFA873C6F}.Release|Any CPU.Build.0 = Release|Any CPU
	EndGlobalSection
	GlobalSection(SolutionProperties) = preSolution
		HideSolutionNode = FALSE
	EndGlobalSection
	GlobalSection(ExtensibilityGlobals) = postSolution
		SolutionGuid = {5A8CFEF6-86D7-4971-BDF6-8374B6266794}
	EndGlobalSection
EndGlobal
